
Microsoft Visual Studio Solution File, Format Version 12.00
# Visual Studio Version 16
VisualStudioVersion = 16.0.30105.148
MinimumVisualStudioVersion = 10.0.40219.1
Project("{FAE04EC0-301F-11D3-BF4B-00C04F79EFBC}") = "Demo.NetLibrary", "Demo.NetLibrary\Demo.NetLibrary.csproj", "{40DCD274-4DD8-47FC-B5F7-808EA7679B3D}"
EndProject
Project("{FAE04EC0-301F-11D3-BF4B-00C04F79EFBC}") = "Demo.NetLibraryTests", "Demo.NetLibraryTests\Demo.NetLibraryTests.csproj", "{83C3BE2F-783F-41E7-A573-6DD4CC5D18E9}"
EndProject
Global
	GlobalSection(SolutionConfigurationPlatforms) = preSolution
		Debug|Any CPU = Debug|Any CPU
		Release|Any CPU = Release|Any CPU
	EndGlobalSection
	GlobalSection(ProjectConfigurationPlatforms) = postSolution
		{40DCD274-4DD8-47FC-B5F7-808EA7679B3D}.Debug|Any CPU.ActiveCfg = Debug|Any CPU
		{40DCD274-4DD8-47FC-B5F7-808EA7679B3D}.Debug|Any CPU.Build.0 = Debug|Any CPU
		{40DCD274-4DD8-47FC-B5F7-808EA7679B3D}.Release|Any CPU.ActiveCfg = Release|Any CPU
		{40DCD274-4DD8-47FC-B5F7-808EA7679B3D}.Release|Any CPU.Build.0 = Release|Any CPU
		{83C3BE2F-783F-41E7-A573-6DD4CC5D18E9}.Debug|Any CPU.ActiveCfg = Debug|Any CPU
		{83C3BE2F-783F-41E7-A573-6DD4CC5D18E9}.Debug|Any CPU.Build.0 = Debug|Any CPU
		{83C3BE2F-783F-41E7-A573-6DD4CC5D18E9}.Release|Any CPU.ActiveCfg = Release|Any CPU
		{83C3BE2F-783F-41E7-A573-6DD4CC5D18E9}.Release|Any CPU.Build.0 = Release|Any CPU
	EndGlobalSection
	GlobalSection(SolutionProperties) = preSolution
		HideSolutionNode = FALSE
	EndGlobalSection
	GlobalSection(ExtensibilityGlobals) = postSolution
		SolutionGuid = {CA84CBE3-54DD-48D6-A353-585F0268C458}
	EndGlobalSection
EndGlobal
